
Microsoft Visual Studio Solution File, Format Version 12.00
# Visual Studio Version 16
VisualStudioVersion = 16.0.29613.14
MinimumVisualStudioVersion = 10.0.40219.1
Project("{FAE04EC0-301F-11D3-BF4B-00C04F79EFBC}") = "20_Project_Orion_Lead", "20_Project_Orion_Lead\20_Project_Orion_Lead.csproj", "{9A7D961A-AF64-465D-B385-04830BF64CA6}"
EndProject
Global
	GlobalSection(SolutionConfigurationPlatforms) = preSolution
		Debug|Any CPU = Debug|Any CPU
		Release|Any CPU = Release|Any CPU
	EndGlobalSection
	GlobalSection(ProjectConfigurationPlatforms) = postSolution
		{9A7D961A-AF64-465D-B385-04830BF64CA6}.Debug|Any CPU.ActiveCfg = Debug|Any CPU
		{9A7D961A-AF64-465D-B385-04830BF64CA6}.Debug|Any CPU.Build.0 = Debug|Any CPU
		{9A7D961A-AF64-465D-B385-04830BF64CA6}.Release|Any CPU.ActiveCfg = Release|Any CPU
		{9A7D961A-AF64-465D-B385-04830BF64CA6}.Release|Any CPU.Build.0 = Release|Any CPU
	EndGlobalSection
	GlobalSection(SolutionProperties) = preSolution
		HideSolutionNode = FALSE
	EndGlobalSection
	GlobalSection(ExtensibilityGlobals) = postSolution
		SolutionGuid = {64C575A3-E5F0-4A4A-BE0B-DE9BD99F0E23}
	EndGlobalSection
EndGlobal
